
Microsoft Visual Studio Solution File, Format Version 12.00
# Visual Studio Version 17
VisualStudioVersion = 17.6.33815.320
MinimumVisualStudioVersion = 10.0.40219.1
Project("{8BC9CEB8-8B4A-11D0-8D11-00A0C91BC942}") = "YYFMOD", "FMOD\FMOD.vcxproj", "{B5B06561-AF31-42FF-AB16-22D1BB09440F}"
EndProject
Global
	GlobalSection(SolutionConfigurationPlatforms) = preSolution
		Debug|x64 = Debug|x64
		Release|x64 = Release|x64
	EndGlobalSection
	GlobalSection(ProjectConfigurationPlatforms) = postSolution
		{B5B06561-AF31-42FF-AB16-22D1BB09440F}.Debug|x64.ActiveCfg = Debug|x64
		{B5B06561-AF31-42FF-AB16-22D1BB09440F}.Debug|x64.Build.0 = Debug|x64
		{B5B06561-AF31-42FF-AB16-22D1BB09440F}.Release|x64.ActiveCfg = Release|x64
		{B5B06561-AF31-42FF-AB16-22D1BB09440F}.Release|x64.Build.0 = Release|x64
	EndGlobalSection
	GlobalSection(SolutionProperties) = preSolution
		HideSolutionNode = FALSE
	EndGlobalSection
	GlobalSection(ExtensibilityGlobals) = postSolution
		SolutionGuid = {06BC0196-6613-4706-B2C5-43855BC250C1}
	EndGlobalSection
EndGlobal
